// !$*UTF8*$!
{
	archiveVersion = 1;
	classes = {
	};
	objectVersion = 52;
	objects = {

/* Begin PBXBuildFile section */
		5650188725F7D05B006F75A8 /* AppDelegate.swift in Sources */ = {isa = PBXBuildFile; fileRef = 5650188625F7D05B006F75A8 /* AppDelegate.swift */; };
		5650188925F7D05B006F75A8 /* SceneDelegate.swift in Sources */ = {isa = PBXBuildFile; fileRef = 5650188825F7D05B006F75A8 /* SceneDelegate.swift */; };
		5650188B25F7D05B006F75A8 /* MainViewController.swift in Sources */ = {isa = PBXBuildFile; fileRef = 5650188A25F7D05B006F75A8 /* MainViewController.swift */; };
		5650188E25F7D05B006F75A8 /* Main.storyboard in Resources */ = {isa = PBXBuildFile; fileRef = 5650188C25F7D05B006F75A8 /* Main.storyboard */; };
		5650189025F7D05C006F75A8 /* Assets.xcassets in Resources */ = {isa = PBXBuildFile; fileRef = 5650188F25F7D05C006F75A8 /* Assets.xcassets */; };
		5650189325F7D05C006F75A8 /* LaunchScreen.storyboard in Resources */ = {isa = PBXBuildFile; fileRef = 5650189125F7D05C006F75A8 /* LaunchScreen.storyboard */; };
		565018A625F7D554006F75A8 /* MainViewModel.swift in Sources */ = {isa = PBXBuildFile; fileRef = 565018A525F7D554006F75A8 /* MainViewModel.swift */; };
		565018AC25F7D644006F75A8 /* TranslationLanguage.swift in Sources */ = {isa = PBXBuildFile; fileRef = 565018AB25F7D644006F75A8 /* TranslationLanguage.swift */; };
		565018B025F7D68F006F75A8 /* TranslationFile.swift in Sources */ = {isa = PBXBuildFile; fileRef = 565018AF25F7D68F006F75A8 /* TranslationFile.swift */; };
		565018B425F7D71C006F75A8 /* SwiftSoup in Frameworks */ = {isa = PBXBuildFile; productRef = 565018B325F7D71C006F75A8 /* SwiftSoup */; };
		565018B825F7D9D8006F75A8 /* TranslationUnit.swift in Sources */ = {isa = PBXBuildFile; fileRef = 565018B725F7D9D8006F75A8 /* TranslationUnit.swift */; };
		565018C125F7DC05006F75A8 /* TranslationToolSetTests.swift in Sources */ = {isa = PBXBuildFile; fileRef = 565018C025F7DC05006F75A8 /* TranslationToolSetTests.swift */; };
		565018CC25F7DF8F006F75A8 /* CommonError in Frameworks */ = {isa = PBXBuildFile; productRef = 565018CB25F7DF8F006F75A8 /* CommonError */; };
		565018D625F7E72D006F75A8 /* TranslationLanguage.swift in Sources */ = {isa = PBXBuildFile; fileRef = 565018AB25F7D644006F75A8 /* TranslationLanguage.swift */; };
		565018D925F7E731006F75A8 /* TranslationFile.swift in Sources */ = {isa = PBXBuildFile; fileRef = 565018AF25F7D68F006F75A8 /* TranslationFile.swift */; };
		565018DC25F7E734006F75A8 /* TranslationUnit.swift in Sources */ = {isa = PBXBuildFile; fileRef = 565018B725F7D9D8006F75A8 /* TranslationUnit.swift */; };
		565018EC25F8CE53006F75A8 /* OptionalExtension.swift in Sources */ = {isa = PBXBuildFile; fileRef = 565018EB25F8CE53006F75A8 /* OptionalExtension.swift */; };
		565018F125F8CE58006F75A8 /* OptionalExtension.swift in Sources */ = {isa = PBXBuildFile; fileRef = 565018EB25F8CE53006F75A8 /* OptionalExtension.swift */; };
		565018F525F8E4A4006F75A8 /* MainSectionsTableViewCell.swift in Sources */ = {isa = PBXBuildFile; fileRef = 565018F425F8E4A4006F75A8 /* MainSectionsTableViewCell.swift */; };
		565018F925F8F04C006F75A8 /* TranslationKeyCollectionViewCell.swift in Sources */ = {isa = PBXBuildFile; fileRef = 565018F825F8F04C006F75A8 /* TranslationKeyCollectionViewCell.swift */; };
		565018FD25F8F05E006F75A8 /* TranslationValueCollectionViewCell.swift in Sources */ = {isa = PBXBuildFile; fileRef = 565018FC25F8F05E006F75A8 /* TranslationValueCollectionViewCell.swift */; };
		5650190125F8F0A2006F75A8 /* TranslationsGridLayout.swift in Sources */ = {isa = PBXBuildFile; fileRef = 5650190025F8F0A2006F75A8 /* TranslationsGridLayout.swift */; };
/* End PBXBuildFile section */

/* Begin PBXContainerItemProxy section */
		565018C325F7DC05006F75A8 /* PBXContainerItemProxy */ = {
			isa = PBXContainerItemProxy;
			containerPortal = 5650187B25F7D05B006F75A8 /* Project object */;
			proxyType = 1;
			remoteGlobalIDString = 5650188225F7D05B006F75A8;
			remoteInfo = TranslationToolSet;
		};
/* End PBXContainerItemProxy section */

/* Begin PBXFileReference section */
		5650188325F7D05B006F75A8 /* TranslationToolSet.app */ = {isa = PBXFileReference; explicitFileType = wrapper.application; includeInIndex = 0; path = TranslationToolSet.app; sourceTree = BUILT_PRODUCTS_DIR; };
		5650188625F7D05B006F75A8 /* AppDelegate.swift */ = {isa = PBXFileReference; lastKnownFileType = sourcecode.swift; path = AppDelegate.swift; sourceTree = "<group>"; };
		5650188825F7D05B006F75A8 /* SceneDelegate.swift */ = {isa = PBXFileReference; lastKnownFileType = sourcecode.swift; path = SceneDelegate.swift; sourceTree = "<group>"; };
		5650188A25F7D05B006F75A8 /* MainViewController.swift */ = {isa = PBXFileReference; lastKnownFileType = sourcecode.swift; path = MainViewController.swift; sourceTree = "<group>"; };
		5650188D25F7D05B006F75A8 /* Base */ = {isa = PBXFileReference; lastKnownFileType = file.storyboard; name = Base; path = Base.lproj/Main.storyboard; sourceTree = "<group>"; };
		5650188F25F7D05C006F75A8 /* Assets.xcassets */ = {isa = PBXFileReference; lastKnownFileType = folder.assetcatalog; path = Assets.xcassets; sourceTree = "<group>"; };
		5650189225F7D05C006F75A8 /* Base */ = {isa = PBXFileReference; lastKnownFileType = file.storyboard; name = Base; path = Base.lproj/LaunchScreen.storyboard; sourceTree = "<group>"; };
		5650189425F7D05C006F75A8 /* Info.plist */ = {isa = PBXFileReference; lastKnownFileType = text.plist.xml; path = Info.plist; sourceTree = "<group>"; };
		5650189B25F7D068006F75A8 /* TranslationToolSet.entitlements */ = {isa = PBXFileReference; lastKnownFileType = text.plist.entitlements; path = TranslationToolSet.entitlements; sourceTree = "<group>"; };
		565018A525F7D554006F75A8 /* MainViewModel.swift */ = {isa = PBXFileReference; lastKnownFileType = sourcecode.swift; path = MainViewModel.swift; sourceTree = "<group>"; };
		565018AB25F7D644006F75A8 /* TranslationLanguage.swift */ = {isa = PBXFileReference; lastKnownFileType = sourcecode.swift; path = TranslationLanguage.swift; sourceTree = "<group>"; };
		565018AF25F7D68F006F75A8 /* TranslationFile.swift */ = {isa = PBXFileReference; lastKnownFileType = sourcecode.swift; path = TranslationFile.swift; sourceTree = "<group>"; };
		565018B725F7D9D8006F75A8 /* TranslationUnit.swift */ = {isa = PBXFileReference; lastKnownFileType = sourcecode.swift; path = TranslationUnit.swift; sourceTree = "<group>"; };
		565018BE25F7DC05006F75A8 /* TranslationToolSetTests.xctest */ = {isa = PBXFileReference; explicitFileType = wrapper.cfbundle; includeInIndex = 0; path = TranslationToolSetTests.xctest; sourceTree = BUILT_PRODUCTS_DIR; };
		565018C025F7DC05006F75A8 /* TranslationToolSetTests.swift */ = {isa = PBXFileReference; lastKnownFileType = sourcecode.swift; path = TranslationToolSetTests.swift; sourceTree = "<group>"; };
		565018C225F7DC05006F75A8 /* Info.plist */ = {isa = PBXFileReference; lastKnownFileType = text.plist.xml; path = Info.plist; sourceTree = "<group>"; };
		565018EB25F8CE53006F75A8 /* OptionalExtension.swift */ = {isa = PBXFileReference; lastKnownFileType = sourcecode.swift; path = OptionalExtension.swift; sourceTree = "<group>"; };
		565018F425F8E4A4006F75A8 /* MainSectionsTableViewCell.swift */ = {isa = PBXFileReference; lastKnownFileType = sourcecode.swift; path = MainSectionsTableViewCell.swift; sourceTree = "<group>"; };
		565018F825F8F04C006F75A8 /* TranslationKeyCollectionViewCell.swift */ = {isa = PBXFileReference; lastKnownFileType = sourcecode.swift; path = TranslationKeyCollectionViewCell.swift; sourceTree = "<group>"; };
		565018FC25F8F05E006F75A8 /* TranslationValueCollectionViewCell.swift */ = {isa = PBXFileReference; lastKnownFileType = sourcecode.swift; path = TranslationValueCollectionViewCell.swift; sourceTree = "<group>"; };
		5650190025F8F0A2006F75A8 /* TranslationsGridLayout.swift */ = {isa = PBXFileReference; lastKnownFileType = sourcecode.swift; path = TranslationsGridLayout.swift; sourceTree = "<group>"; };
/* End PBXFileReference section */

/* Begin PBXFrameworksBuildPhase section */
		5650188025F7D05B006F75A8 /* Frameworks */ = {
			isa = PBXFrameworksBuildPhase;
			buildActionMask = 2147483647;
			files = (
				565018CC25F7DF8F006F75A8 /* CommonError in Frameworks */,
				565018B425F7D71C006F75A8 /* SwiftSoup in Frameworks */,
			);
			runOnlyForDeploymentPostprocessing = 0;
		};
		565018BB25F7DC05006F75A8 /* Frameworks */ = {
			isa = PBXFrameworksBuildPhase;
			buildActionMask = 2147483647;
			files = (
			);
			runOnlyForDeploymentPostprocessing = 0;
		};
/* End PBXFrameworksBuildPhase section */

/* Begin PBXGroup section */
		5650187A25F7D05B006F75A8 = {
			isa = PBXGroup;
			children = (
				5650188525F7D05B006F75A8 /* TranslationToolSet */,
				565018BF25F7DC05006F75A8 /* TranslationToolSetTests */,
				5650188425F7D05B006F75A8 /* Products */,
				565018CF25F7DFA2006F75A8 /* Frameworks */,
			);
			sourceTree = "<group>";
		};
		5650188425F7D05B006F75A8 /* Products */ = {
			isa = PBXGroup;
			children = (
				5650188325F7D05B006F75A8 /* TranslationToolSet.app */,
				565018BE25F7DC05006F75A8 /* TranslationToolSetTests.xctest */,
			);
			name = Products;
			sourceTree = "<group>";
		};
		5650188525F7D05B006F75A8 /* TranslationToolSet */ = {
			isa = PBXGroup;
			children = (
				565018A125F7D0D1006F75A8 /* UI */,
				565018A025F7D0C0006F75A8 /* Core */,
				5650189D25F7D093006F75A8 /* Resources */,
				5650189B25F7D068006F75A8 /* TranslationToolSet.entitlements */,
				5650189425F7D05C006F75A8 /* Info.plist */,
			);
			path = TranslationToolSet;
			sourceTree = "<group>";
		};
		5650189D25F7D093006F75A8 /* Resources */ = {
			isa = PBXGroup;
			children = (
				5650189F25F7D0AC006F75A8 /* Assets */,
				5650189E25F7D09B006F75A8 /* Storyboards */,
			);
			path = Resources;
			sourceTree = "<group>";
		};
		5650189E25F7D09B006F75A8 /* Storyboards */ = {
			isa = PBXGroup;
			children = (
				5650189125F7D05C006F75A8 /* LaunchScreen.storyboard */,
				5650188C25F7D05B006F75A8 /* Main.storyboard */,
			);
			path = Storyboards;
			sourceTree = "<group>";
		};
		5650189F25F7D0AC006F75A8 /* Assets */ = {
			isa = PBXGroup;
			children = (
				5650188F25F7D05C006F75A8 /* Assets.xcassets */,
			);
			path = Assets;
			sourceTree = "<group>";
		};
		565018A025F7D0C0006F75A8 /* Core */ = {
			isa = PBXGroup;
			children = (
				565018EA25F8CE42006F75A8 /* Extensions */,
				565018AA25F7D5AF006F75A8 /* Models */,
				565018A925F7D59E006F75A8 /* Delegates */,
			);
			path = Core;
			sourceTree = "<group>";
		};
		565018A125F7D0D1006F75A8 /* UI */ = {
			isa = PBXGroup;
			children = (
				565018A225F7D0DA006F75A8 /* ViewControllers */,
			);
			path = UI;
			sourceTree = "<group>";
		};
		565018A225F7D0DA006F75A8 /* ViewControllers */ = {
			isa = PBXGroup;
			children = (
				565018A425F7D542006F75A8 /* Main */,
			);
			path = ViewControllers;
			sourceTree = "<group>";
		};
		565018A425F7D542006F75A8 /* Main */ = {
			isa = PBXGroup;
			children = (
				5650188A25F7D05B006F75A8 /* MainViewController.swift */,
				565018A525F7D554006F75A8 /* MainViewModel.swift */,
				565018F425F8E4A4006F75A8 /* MainSectionsTableViewCell.swift */,
				565018F825F8F04C006F75A8 /* TranslationKeyCollectionViewCell.swift */,
				565018FC25F8F05E006F75A8 /* TranslationValueCollectionViewCell.swift */,
				5650190025F8F0A2006F75A8 /* TranslationsGridLayout.swift */,
			);
			path = Main;
			sourceTree = "<group>";
		};
		565018A925F7D59E006F75A8 /* Delegates */ = {
			isa = PBXGroup;
			children = (
				5650188825F7D05B006F75A8 /* SceneDelegate.swift */,
				5650188625F7D05B006F75A8 /* AppDelegate.swift */,
			);
			path = Delegates;
			sourceTree = "<group>";
		};
		565018AA25F7D5AF006F75A8 /* Models */ = {
			isa = PBXGroup;
			children = (
				565018AB25F7D644006F75A8 /* TranslationLanguage.swift */,
				565018AF25F7D68F006F75A8 /* TranslationFile.swift */,
				565018B725F7D9D8006F75A8 /* TranslationUnit.swift */,
			);
			path = Models;
			sourceTree = "<group>";
		};
		565018BF25F7DC05006F75A8 /* TranslationToolSetTests */ = {
			isa = PBXGroup;
			children = (
				565018C025F7DC05006F75A8 /* TranslationToolSetTests.swift */,
				565018C225F7DC05006F75A8 /* Info.plist */,
			);
			path = TranslationToolSetTests;
			sourceTree = "<group>";
		};
		565018CF25F7DFA2006F75A8 /* Frameworks */ = {
			isa = PBXGroup;
			children = (
			);
			name = Frameworks;
			sourceTree = "<group>";
		};
		565018EA25F8CE42006F75A8 /* Extensions */ = {
			isa = PBXGroup;
			children = (
				565018EB25F8CE53006F75A8 /* OptionalExtension.swift */,
			);
			path = Extensions;
			sourceTree = "<group>";
		};
/* End PBXGroup section */

/* Begin PBXNativeTarget section */
		5650188225F7D05B006F75A8 /* TranslationToolSet */ = {
			isa = PBXNativeTarget;
			buildConfigurationList = 5650189725F7D05C006F75A8 /* Build configuration list for PBXNativeTarget "TranslationToolSet" */;
			buildPhases = (
				5650187F25F7D05B006F75A8 /* Sources */,
				5650188025F7D05B006F75A8 /* Frameworks */,
				5650188125F7D05B006F75A8 /* Resources */,
			);
			buildRules = (
			);
			dependencies = (
			);
			name = TranslationToolSet;
			packageProductDependencies = (
				565018B325F7D71C006F75A8 /* SwiftSoup */,
				565018CB25F7DF8F006F75A8 /* CommonError */,
			);
			productName = TranslationToolSet;
			productReference = 5650188325F7D05B006F75A8 /* TranslationToolSet.app */;
			productType = "com.apple.product-type.application";
		};
		565018BD25F7DC05006F75A8 /* TranslationToolSetTests */ = {
			isa = PBXNativeTarget;
			buildConfigurationList = 565018C525F7DC05006F75A8 /* Build configuration list for PBXNativeTarget "TranslationToolSetTests" */;
			buildPhases = (
				565018BA25F7DC05006F75A8 /* Sources */,
				565018BB25F7DC05006F75A8 /* Frameworks */,
				565018BC25F7DC05006F75A8 /* Resources */,
			);
			buildRules = (
			);
			dependencies = (
				565018C425F7DC05006F75A8 /* PBXTargetDependency */,
			);
			name = TranslationToolSetTests;
			packageProductDependencies = (
			);
			productName = TranslationToolSetTests;
			productReference = 565018BE25F7DC05006F75A8 /* TranslationToolSetTests.xctest */;
			productType = "com.apple.product-type.bundle.unit-test";
		};
/* End PBXNativeTarget section */

/* Begin PBXProject section */
		5650187B25F7D05B006F75A8 /* Project object */ = {
			isa = PBXProject;
			attributes = {
				LastSwiftUpdateCheck = 1240;
				LastUpgradeCheck = 1240;
				TargetAttributes = {
					5650188225F7D05B006F75A8 = {
						CreatedOnToolsVersion = 12.4;
					};
					565018BD25F7DC05006F75A8 = {
						CreatedOnToolsVersion = 12.4;
						TestTargetID = 5650188225F7D05B006F75A8;
					};
				};
			};
			buildConfigurationList = 5650187E25F7D05B006F75A8 /* Build configuration list for PBXProject "TranslationToolSet" */;
			compatibilityVersion = "Xcode 9.3";
			developmentRegion = en;
			hasScannedForEncodings = 0;
			knownRegions = (
				en,
				Base,
			);
			mainGroup = 5650187A25F7D05B006F75A8;
			packageReferences = (
				565018B225F7D71C006F75A8 /* XCRemoteSwiftPackageReference "SwiftSoup" */,
				565018CA25F7DF8F006F75A8 /* XCRemoteSwiftPackageReference "CommonError" */,
			);
			productRefGroup = 5650188425F7D05B006F75A8 /* Products */;
			projectDirPath = "";
			projectRoot = "";
			targets = (
				5650188225F7D05B006F75A8 /* TranslationToolSet */,
				565018BD25F7DC05006F75A8 /* TranslationToolSetTests */,
			);
		};
/* End PBXProject section */

/* Begin PBXResourcesBuildPhase section */
		5650188125F7D05B006F75A8 /* Resources */ = {
			isa = PBXResourcesBuildPhase;
			buildActionMask = 2147483647;
			files = (
				5650189325F7D05C006F75A8 /* LaunchScreen.storyboard in Resources */,
				5650189025F7D05C006F75A8 /* Assets.xcassets in Resources */,
				5650188E25F7D05B006F75A8 /* Main.storyboard in Resources */,
			);
			runOnlyForDeploymentPostprocessing = 0;
		};
		565018BC25F7DC05006F75A8 /* Resources */ = {
			isa = PBXResourcesBuildPhase;
			buildActionMask = 2147483647;
			files = (
			);
			runOnlyForDeploymentPostprocessing = 0;
		};
/* End PBXResourcesBuildPhase section */

/* Begin PBXSourcesBuildPhase section */
		5650187F25F7D05B006F75A8 /* Sources */ = {
			isa = PBXSourcesBuildPhase;
			buildActionMask = 2147483647;
			files = (
				5650188B25F7D05B006F75A8 /* MainViewController.swift in Sources */,
				565018F525F8E4A4006F75A8 /* MainSectionsTableViewCell.swift in Sources */,
				565018FD25F8F05E006F75A8 /* TranslationValueCollectionViewCell.swift in Sources */,
				565018F925F8F04C006F75A8 /* TranslationKeyCollectionViewCell.swift in Sources */,
				5650188725F7D05B006F75A8 /* AppDelegate.swift in Sources */,
				5650188925F7D05B006F75A8 /* SceneDelegate.swift in Sources */,
				565018A625F7D554006F75A8 /* MainViewModel.swift in Sources */,
				565018AC25F7D644006F75A8 /* TranslationLanguage.swift in Sources */,
				565018EC25F8CE53006F75A8 /* OptionalExtension.swift in Sources */,
				5650190125F8F0A2006F75A8 /* TranslationsGridLayout.swift in Sources */,
				565018B025F7D68F006F75A8 /* TranslationFile.swift in Sources */,
				565018B825F7D9D8006F75A8 /* TranslationUnit.swift in Sources */,
			);
			runOnlyForDeploymentPostprocessing = 0;
		};
		565018BA25F7DC05006F75A8 /* Sources */ = {
			isa = PBXSourcesBuildPhase;
			buildActionMask = 2147483647;
			files = (
				565018F125F8CE58006F75A8 /* OptionalExtension.swift in Sources */,
				565018C125F7DC05006F75A8 /* TranslationToolSetTests.swift in Sources */,
				565018D925F7E731006F75A8 /* TranslationFile.swift in Sources */,
				565018D625F7E72D006F75A8 /* TranslationLanguage.swift in Sources */,
				565018DC25F7E734006F75A8 /* TranslationUnit.swift in Sources */,
			);
			runOnlyForDeploymentPostprocessing = 0;
		};
/* End PBXSourcesBuildPhase section */

/* Begin PBXTargetDependency section */
		565018C425F7DC05006F75A8 /* PBXTargetDependency */ = {
			isa = PBXTargetDependency;
			target = 5650188225F7D05B006F75A8 /* TranslationToolSet */;
			targetProxy = 565018C325F7DC05006F75A8 /* PBXContainerItemProxy */;
		};
/* End PBXTargetDependency section */

/* Begin PBXVariantGroup section */
		5650188C25F7D05B006F75A8 /* Main.storyboard */ = {
			isa = PBXVariantGroup;
			children = (
				5650188D25F7D05B006F75A8 /* Base */,
			);
			name = Main.storyboard;
			sourceTree = "<group>";
		};
		5650189125F7D05C006F75A8 /* LaunchScreen.storyboard */ = {
			isa = PBXVariantGroup;
			children = (
				5650189225F7D05C006F75A8 /* Base */,
			);
			name = LaunchScreen.storyboard;
			sourceTree = "<group>";
		};
/* End PBXVariantGroup section */

/* Begin XCBuildConfiguration section */
		5650189525F7D05C006F75A8 /* Debug */ = {
			isa = XCBuildConfiguration;
			buildSettings = {
				ALWAYS_SEARCH_USER_PATHS = NO;
				CLANG_ANALYZER_NONNULL = YES;
				CLANG_ANALYZER_NUMBER_OBJECT_CONVERSION = YES_AGGRESSIVE;
				CLANG_CXX_LANGUAGE_STANDARD = "gnu++14";
				CLANG_CXX_LIBRARY = "libc++";
				CLANG_ENABLE_MODULES = YES;
				CLANG_ENABLE_OBJC_ARC = YES;
				CLANG_ENABLE_OBJC_WEAK = YES;
				CLANG_WARN_BLOCK_CAPTURE_AUTORELEASING = YES;
				CLANG_WARN_BOOL_CONVERSION = YES;
				CLANG_WARN_COMMA = YES;
				CLANG_WARN_CONSTANT_CONVERSION = YES;
				CLANG_WARN_DEPRECATED_OBJC_IMPLEMENTATIONS = YES;
				CLANG_WARN_DIRECT_OBJC_ISA_USAGE = YES_ERROR;
				CLANG_WARN_DOCUMENTATION_COMMENTS = YES;
				CLANG_WARN_EMPTY_BODY = YES;
				CLANG_WARN_ENUM_CONVERSION = YES;
				CLANG_WARN_INFINITE_RECURSION = YES;
				CLANG_WARN_INT_CONVERSION = YES;
				CLANG_WARN_NON_LITERAL_NULL_CONVERSION = YES;
				CLANG_WARN_OBJC_IMPLICIT_RETAIN_SELF = YES;
				CLANG_WARN_OBJC_LITERAL_CONVERSION = YES;
				CLANG_WARN_OBJC_ROOT_CLASS = YES_ERROR;
				CLANG_WARN_QUOTED_INCLUDE_IN_FRAMEWORK_HEADER = YES;
				CLANG_WARN_RANGE_LOOP_ANALYSIS = YES;
				CLANG_WARN_STRICT_PROTOTYPES = YES;
				CLANG_WARN_SUSPICIOUS_MOVE = YES;
				CLANG_WARN_UNGUARDED_AVAILABILITY = YES_AGGRESSIVE;
				CLANG_WARN_UNREACHABLE_CODE = YES;
				CLANG_WARN__DUPLICATE_METHOD_MATCH = YES;
				COPY_PHASE_STRIP = NO;
				DEBUG_INFORMATION_FORMAT = dwarf;
				ENABLE_STRICT_OBJC_MSGSEND = YES;
				ENABLE_TESTABILITY = YES;
				GCC_C_LANGUAGE_STANDARD = gnu11;
				GCC_DYNAMIC_NO_PIC = NO;
				GCC_NO_COMMON_BLOCKS = YES;
				GCC_OPTIMIZATION_LEVEL = 0;
				GCC_PREPROCESSOR_DEFINITIONS = (
					"DEBUG=1",
					"$(inherited)",
				);
				GCC_WARN_64_TO_32_BIT_CONVERSION = YES;
				GCC_WARN_ABOUT_RETURN_TYPE = YES_ERROR;
				GCC_WARN_UNDECLARED_SELECTOR = YES;
				GCC_WARN_UNINITIALIZED_AUTOS = YES_AGGRESSIVE;
				GCC_WARN_UNUSED_FUNCTION = YES;
				GCC_WARN_UNUSED_VARIABLE = YES;
				IPHONEOS_DEPLOYMENT_TARGET = 14.4;
				MTL_ENABLE_DEBUG_INFO = INCLUDE_SOURCE;
				MTL_FAST_MATH = YES;
				ONLY_ACTIVE_ARCH = YES;
				SDKROOT = iphoneos;
				SWIFT_ACTIVE_COMPILATION_CONDITIONS = DEBUG;
				SWIFT_OPTIMIZATION_LEVEL = "-Onone";
			};
			name = Debug;
		};
		5650189625F7D05C006F75A8 /* Release */ = {
			isa = XCBuildConfiguration;
			buildSettings = {
				ALWAYS_SEARCH_USER_PATHS = NO;
				CLANG_ANALYZER_NONNULL = YES;
				CLANG_ANALYZER_NUMBER_OBJECT_CONVERSION = YES_AGGRESSIVE;
				CLANG_CXX_LANGUAGE_STANDARD = "gnu++14";
				CLANG_CXX_LIBRARY = "libc++";
				CLANG_ENABLE_MODULES = YES;
				CLANG_ENABLE_OBJC_ARC = YES;
				CLANG_ENABLE_OBJC_WEAK = YES;
				CLANG_WARN_BLOCK_CAPTURE_AUTORELEASING = YES;
				CLANG_WARN_BOOL_CONVERSION = YES;
				CLANG_WARN_COMMA = YES;
				CLANG_WARN_CONSTANT_CONVERSION = YES;
				CLANG_WARN_DEPRECATED_OBJC_IMPLEMENTATIONS = YES;
				CLANG_WARN_DIRECT_OBJC_ISA_USAGE = YES_ERROR;
				CLANG_WARN_DOCUMENTATION_COMMENTS = YES;
				CLANG_WARN_EMPTY_BODY = YES;
				CLANG_WARN_ENUM_CONVERSION = YES;
				CLANG_WARN_INFINITE_RECURSION = YES;
				CLANG_WARN_INT_CONVERSION = YES;
				CLANG_WARN_NON_LITERAL_NULL_CONVERSION = YES;
				CLANG_WARN_OBJC_IMPLICIT_RETAIN_SELF = YES;
				CLANG_WARN_OBJC_LITERAL_CONVERSION = YES;
				CLANG_WARN_OBJC_ROOT_CLASS = YES_ERROR;
				CLANG_WARN_QUOTED_INCLUDE_IN_FRAMEWORK_HEADER = YES;
				CLANG_WARN_RANGE_LOOP_ANALYSIS = YES;
				CLANG_WARN_STRICT_PROTOTYPES = YES;
				CLANG_WARN_SUSPICIOUS_MOVE = YES;
				CLANG_WARN_UNGUARDED_AVAILABILITY = YES_AGGRESSIVE;
				CLANG_WARN_UNREACHABLE_CODE = YES;
				CLANG_WARN__DUPLICATE_METHOD_MATCH = YES;
				COPY_PHASE_STRIP = NO;
				DEBUG_INFORMATION_FORMAT = "dwarf-with-dsym";
				ENABLE_NS_ASSERTIONS = NO;
				ENABLE_STRICT_OBJC_MSGSEND = YES;
				GCC_C_LANGUAGE_STANDARD = gnu11;
				GCC_NO_COMMON_BLOCKS = YES;
				GCC_WARN_64_TO_32_BIT_CONVERSION = YES;
				GCC_WARN_ABOUT_RETURN_TYPE = YES_ERROR;
				GCC_WARN_UNDECLARED_SELECTOR = YES;
				GCC_WARN_UNINITIALIZED_AUTOS = YES_AGGRESSIVE;
				GCC_WARN_UNUSED_FUNCTION = YES;
				GCC_WARN_UNUSED_VARIABLE = YES;
				IPHONEOS_DEPLOYMENT_TARGET = 14.4;
				MTL_ENABLE_DEBUG_INFO = NO;
				MTL_FAST_MATH = YES;
				SDKROOT = iphoneos;
				SWIFT_COMPILATION_MODE = wholemodule;
				SWIFT_OPTIMIZATION_LEVEL = "-O";
				VALIDATE_PRODUCT = YES;
			};
			name = Release;
		};
		5650189825F7D05C006F75A8 /* Debug */ = {
			isa = XCBuildConfiguration;
			buildSettings = {
				ASSETCATALOG_COMPILER_APPICON_NAME = AppIcon;
				ASSETCATALOG_COMPILER_GLOBAL_ACCENT_COLOR_NAME = AccentColor;
				CODE_SIGN_ENTITLEMENTS = TranslationToolSet/TranslationToolSet.entitlements;
				CODE_SIGN_STYLE = Automatic;
				DEVELOPMENT_TEAM = 5LPE595N4R;
				INFOPLIST_FILE = TranslationToolSet/Info.plist;
				LD_RUNPATH_SEARCH_PATHS = (
					"$(inherited)",
					"@executable_path/Frameworks",
				);
				PRODUCT_BUNDLE_IDENTIFIER = org.mdd.TranslationToolSet;
				PRODUCT_NAME = "$(TARGET_NAME)";
				SUPPORTS_MACCATALYST = YES;
				SWIFT_VERSION = 5.0;
				TARGETED_DEVICE_FAMILY = "1,2,6";
			};
			name = Debug;
		};
		5650189925F7D05C006F75A8 /* Release */ = {
			isa = XCBuildConfiguration;
			buildSettings = {
				ASSETCATALOG_COMPILER_APPICON_NAME = AppIcon;
				ASSETCATALOG_COMPILER_GLOBAL_ACCENT_COLOR_NAME = AccentColor;
				CODE_SIGN_ENTITLEMENTS = TranslationToolSet/TranslationToolSet.entitlements;
				CODE_SIGN_STYLE = Automatic;
				DEVELOPMENT_TEAM = 5LPE595N4R;
				INFOPLIST_FILE = TranslationToolSet/Info.plist;
				LD_RUNPATH_SEARCH_PATHS = (
					"$(inherited)",
					"@executable_path/Frameworks",
				);
				PRODUCT_BUNDLE_IDENTIFIER = org.mdd.TranslationToolSet;
				PRODUCT_NAME = "$(TARGET_NAME)";
				SUPPORTS_MACCATALYST = YES;
				SWIFT_VERSION = 5.0;
				TARGETED_DEVICE_FAMILY = "1,2,6";
			};
			name = Release;
		};
		565018C625F7DC05006F75A8 /* Debug */ = {
			isa = XCBuildConfiguration;
			buildSettings = {
				BUNDLE_LOADER = "$(TEST_HOST)";
				CODE_SIGN_STYLE = Automatic;
				DEVELOPMENT_TEAM = 5LPE595N4R;
				INFOPLIST_FILE = TranslationToolSetTests/Info.plist;
				LD_RUNPATH_SEARCH_PATHS = (
					"$(inherited)",
					"@executable_path/Frameworks",
					"@loader_path/Frameworks",
				);
				PRODUCT_BUNDLE_IDENTIFIER = org.mdd.TranslationToolSetTests;
				PRODUCT_NAME = "$(TARGET_NAME)";
				SWIFT_VERSION = 5.0;
				TARGETED_DEVICE_FAMILY = "1,2";
				TEST_HOST = "$(BUILT_PRODUCTS_DIR)/TranslationToolSet.app/TranslationToolSet";
			};
			name = Debug;
		};
		565018C725F7DC05006F75A8 /* Release */ = {
			isa = XCBuildConfiguration;
			buildSettings = {
				BUNDLE_LOADER = "$(TEST_HOST)";
				CODE_SIGN_STYLE = Automatic;
				DEVELOPMENT_TEAM = 5LPE595N4R;
				INFOPLIST_FILE = TranslationToolSetTests/Info.plist;
				LD_RUNPATH_SEARCH_PATHS = (
					"$(inherited)",
					"@executable_path/Frameworks",
					"@loader_path/Frameworks",
				);
				PRODUCT_BUNDLE_IDENTIFIER = org.mdd.TranslationToolSetTests;
				PRODUCT_NAME = "$(TARGET_NAME)";
				SWIFT_VERSION = 5.0;
				TARGETED_DEVICE_FAMILY = "1,2";
				TEST_HOST = "$(BUILT_PRODUCTS_DIR)/TranslationToolSet.app/TranslationToolSet";
			};
			name = Release;
		};
/* End XCBuildConfiguration section */

/* Begin XCConfigurationList section */
		5650187E25F7D05B006F75A8 /* Build configuration list for PBXProject "TranslationToolSet" */ = {
			isa = XCConfigurationList;
			buildConfigurations = (
				5650189525F7D05C006F75A8 /* Debug */,
				5650189625F7D05C006F75A8 /* Release */,
			);
			defaultConfigurationIsVisible = 0;
			defaultConfigurationName = Release;
		};
		5650189725F7D05C006F75A8 /* Build configuration list for PBXNativeTarget "TranslationToolSet" */ = {
			isa = XCConfigurationList;
			buildConfigurations = (
				5650189825F7D05C006F75A8 /* Debug */,
				5650189925F7D05C006F75A8 /* Release */,
			);
			defaultConfigurationIsVisible = 0;
			defaultConfigurationName = Release;
		};
		565018C525F7DC05006F75A8 /* Build configuration list for PBXNativeTarget "TranslationToolSetTests" */ = {
			isa = XCConfigurationList;
			buildConfigurations = (
				565018C625F7DC05006F75A8 /* Debug */,
				565018C725F7DC05006F75A8 /* Release */,
			);
			defaultConfigurationIsVisible = 0;
			defaultConfigurationName = Release;
		};
/* End XCConfigurationList section */

/* Begin XCRemoteSwiftPackageReference section */
		565018B225F7D71C006F75A8 /* XCRemoteSwiftPackageReference "SwiftSoup" */ = {
			isa = XCRemoteSwiftPackageReference;
			repositoryURL = "https://github.com/scinfu/SwiftSoup";
			requirement = {
				kind = upToNextMajorVersion;
				minimumVersion = 2.3.2;
			};
		};
		565018CA25F7DF8F006F75A8 /* XCRemoteSwiftPackageReference "CommonError" */ = {
			isa = XCRemoteSwiftPackageReference;
			repositoryURL = "https://github.com/dmatushkin/CommonError.git";
			requirement = {
				branch = master;
				kind = branch;
			};
		};
/* End XCRemoteSwiftPackageReference section */

/* Begin XCSwiftPackageProductDependency section */
		565018B325F7D71C006F75A8 /* SwiftSoup */ = {
			isa = XCSwiftPackageProductDependency;
			package = 565018B225F7D71C006F75A8 /* XCRemoteSwiftPackageReference "SwiftSoup" */;
			productName = SwiftSoup;
		};
		565018CB25F7DF8F006F75A8 /* CommonError */ = {
			isa = XCSwiftPackageProductDependency;
			package = 565018CA25F7DF8F006F75A8 /* XCRemoteSwiftPackageReference "CommonError" */;
			productName = CommonError;
		};
/* End XCSwiftPackageProductDependency section */
	};
	rootObject = 5650187B25F7D05B006F75A8 /* Project object */;
}
