{
  "object": {
    "pins": [
      {
        "package": "CommonError",
        "repositoryURL": "https://github.com/dmatushkin/CommonError.git",
        "state": {
          "branch": "master",
          "revision": "3150d7c8e7d443521aedfe95a89a9a742f243fe4",
          "version": null
        }
      },
      {
        "package": "CoreXLSX",
        "repositoryURL": "https://github.com/CoreOffice/CoreXLSX",
        "state": {
          "branch": null,
          "revision": "b7cc8d3b79c07c2a781d82db645d7cec24106e08",
          "version": "0.14.1"
        }
      },
      {
        "package": "SwiftSoup",
        "repositoryURL": "https://github.com/scinfu/SwiftSoup",
        "state": {
          "branch": null,
          "revision": "774dc9c7213085db8aa59595e27c1cd22e428904",
          "version": "2.3.2"
        }
      },
      {
        "package": "SwiftyBeaver",
        "repositoryURL": "https://github.com/SwiftyBeaver/SwiftyBeaver.git",
        "state": {
          "branch": null,
          "revision": "2c513a2e8fbfbd6495afc4a05941d8e3fdba68e9",
          "version": "1.9.3"
        }
      },
      {
        "package": "XMLCoder",
        "repositoryURL": "https://github.com/maxdesiatov/XMLCoder.git",
        "state": {
          "branch": null,
          "revision": "ac411bd6ab342780be0dfe6f679410f791d751d9",
          "version": "0.11.1"
        }
      },
      {
        "package": "ZIPFoundation",
        "repositoryURL": "https://github.com/weichsel/ZIPFoundation.git",
        "state": {
          "branch": null,
          "revision": "cf10bbff6ac3b873e97b36b9784c79866a051a8e",
          "version": "0.9.12"
        }
      }
    ]
  },
  "version": 1
}
